
Microsoft Visual Studio Solution File, Format Version 12.00
# Visual Studio 15
Project("{FAE04EC0-301F-11D3-BF4B-00C04F79EFBC}") = "Assembly-CSharp", "Assembly-CSharp.csproj", "{4D20383C-E536-22CC-5350-89CC22D24102}"
EndProject
Project("{FAE04EC0-301F-11D3-BF4B-00C04F79EFBC}") = "Assembly-CSharp-Editor", "Assembly-CSharp-Editor.csproj", "{ABC4FF87-6079-12EE-21A5-59E4243AB1B5}"
EndProject
Global
	GlobalSection(SolutionConfigurationPlatforms) = preSolution
		Debug|Any CPU = Debug|Any CPU
		Release|Any CPU = Release|Any CPU
	EndGlobalSection
	GlobalSection(ProjectConfigurationPlatforms) = postSolution
		{4D20383C-E536-22CC-5350-89CC22D24102}.Debug|Any CPU.ActiveCfg = Debug|Any CPU
		{4D20383C-E536-22CC-5350-89CC22D24102}.Debug|Any CPU.Build.0 = Debug|Any CPU
		{4D20383C-E536-22CC-5350-89CC22D24102}.Release|Any CPU.ActiveCfg = Release|Any CPU
		{4D20383C-E536-22CC-5350-89CC22D24102}.Release|Any CPU.Build.0 = Release|Any CPU
		{ABC4FF87-6079-12EE-21A5-59E4243AB1B5}.Debug|Any CPU.ActiveCfg = Debug|Any CPU
		{ABC4FF87-6079-12EE-21A5-59E4243AB1B5}.Debug|Any CPU.Build.0 = Debug|Any CPU
		{ABC4FF87-6079-12EE-21A5-59E4243AB1B5}.Release|Any CPU.ActiveCfg = Release|Any CPU
		{ABC4FF87-6079-12EE-21A5-59E4243AB1B5}.Release|Any CPU.Build.0 = Release|Any CPU
	EndGlobalSection
	GlobalSection(SolutionProperties) = preSolution
		HideSolutionNode = FALSE
	EndGlobalSection
EndGlobal
